
Microsoft Visual Studio Solution File, Format Version 12.00
# Visual Studio 15
VisualStudioVersion = 15.0.26730.16
MinimumVisualStudioVersion = 10.0.40219.1
Project("{FAE04EC0-301F-11D3-BF4B-00C04F79EFBC}") = "Biomet", "Biomet\Biomet.csproj", "{6BDD9CF2-A77C-4882-9866-D8C5CA61F18F}"
EndProject
Global
	GlobalSection(SolutionConfigurationPlatforms) = preSolution
		Debug|Any CPU = Debug|Any CPU
		Release|Any CPU = Release|Any CPU
	EndGlobalSection
	GlobalSection(ProjectConfigurationPlatforms) = postSolution
		{6BDD9CF2-A77C-4882-9866-D8C5CA61F18F}.Debug|Any CPU.ActiveCfg = Debug|Any CPU
		{6BDD9CF2-A77C-4882-9866-D8C5CA61F18F}.Debug|Any CPU.Build.0 = Debug|Any CPU
		{6BDD9CF2-A77C-4882-9866-D8C5CA61F18F}.Release|Any CPU.ActiveCfg = Release|Any CPU
		{6BDD9CF2-A77C-4882-9866-D8C5CA61F18F}.Release|Any CPU.Build.0 = Release|Any CPU
	EndGlobalSection
	GlobalSection(SolutionProperties) = preSolution
		HideSolutionNode = FALSE
	EndGlobalSection
	GlobalSection(ExtensibilityGlobals) = postSolution
		SolutionGuid = {C08C94EC-8FBC-4747-945F-9355605479EA}
	EndGlobalSection
EndGlobal
